
Microsoft Visual Studio Solution File, Format Version 12.00
Project("{FAE04EC0-301F-11D3-BF4B-00C04F79EFBC}") = "AvaloniaApplication1", "AvaloniaApplication1\AvaloniaApplication1\AvaloniaApplication1.csproj", "{84389F44-A0BB-443D-854E-D1D21A28D662}"
EndProject
Project("{FAE04EC0-301F-11D3-BF4B-00C04F79EFBC}") = "AvaloniaApplication1.Browser", "AvaloniaApplication1\AvaloniaApplication1.Browser\AvaloniaApplication1.Browser.csproj", "{0907DCCD-0D0A-44BD-8C7A-3CC95135F7F4}"
EndProject
Global
	GlobalSection(SolutionConfigurationPlatforms) = preSolution
		Debug|Any CPU = Debug|Any CPU
		Release|Any CPU = Release|Any CPU
	EndGlobalSection
	GlobalSection(ProjectConfigurationPlatforms) = postSolution
		{84389F44-A0BB-443D-854E-D1D21A28D662}.Debug|Any CPU.ActiveCfg = Debug|Any CPU
		{84389F44-A0BB-443D-854E-D1D21A28D662}.Debug|Any CPU.Build.0 = Debug|Any CPU
		{84389F44-A0BB-443D-854E-D1D21A28D662}.Release|Any CPU.ActiveCfg = Release|Any CPU
		{84389F44-A0BB-443D-854E-D1D21A28D662}.Release|Any CPU.Build.0 = Release|Any CPU
		{0907DCCD-0D0A-44BD-8C7A-3CC95135F7F4}.Debug|Any CPU.ActiveCfg = Debug|Any CPU
		{0907DCCD-0D0A-44BD-8C7A-3CC95135F7F4}.Debug|Any CPU.Build.0 = Debug|Any CPU
		{0907DCCD-0D0A-44BD-8C7A-3CC95135F7F4}.Release|Any CPU.ActiveCfg = Release|Any CPU
		{0907DCCD-0D0A-44BD-8C7A-3CC95135F7F4}.Release|Any CPU.Build.0 = Release|Any CPU
	EndGlobalSection
EndGlobal
