
Microsoft Visual Studio Solution File, Format Version 12.00
Project("{FAE04EC0-301F-11D3-BF4B-00C04F79EFBC}") = "AvaloniaApplication1", "AvaloniaApplication1\AvaloniaApplication1.csproj", "{3C5FD9B8-BC9D-45A4-AACA-223FE0FC4770}"
EndProject
Global
	GlobalSection(SolutionConfigurationPlatforms) = preSolution
		Debug|Any CPU = Debug|Any CPU
		Release|Any CPU = Release|Any CPU
	EndGlobalSection
	GlobalSection(ProjectConfigurationPlatforms) = postSolution
		{3C5FD9B8-BC9D-45A4-AACA-223FE0FC4770}.Debug|Any CPU.ActiveCfg = Debug|Any CPU
		{3C5FD9B8-BC9D-45A4-AACA-223FE0FC4770}.Debug|Any CPU.Build.0 = Debug|Any CPU
		{3C5FD9B8-BC9D-45A4-AACA-223FE0FC4770}.Release|Any CPU.ActiveCfg = Release|Any CPU
		{3C5FD9B8-BC9D-45A4-AACA-223FE0FC4770}.Release|Any CPU.Build.0 = Release|Any CPU
	EndGlobalSection
EndGlobal
